
Microsoft Visual Studio Solution File, Format Version 12.00
# Visual Studio 15
VisualStudioVersion = 15.0.26228.4
MinimumVisualStudioVersion = 10.0.40219.1
Project("{FAE04EC0-301F-11D3-BF4B-00C04F79EFBC}") = "game_arg", "game_arg\game_arg.csproj", "{CD8C8B65-A646-4F2D-B652-C2BDC6F81EFF}"
EndProject
Global
	GlobalSection(SolutionConfigurationPlatforms) = preSolution
		Debug|Any CPU = Debug|Any CPU
		Release|Any CPU = Release|Any CPU
	EndGlobalSection
	GlobalSection(ProjectConfigurationPlatforms) = postSolution
		{CD8C8B65-A646-4F2D-B652-C2BDC6F81EFF}.Debug|Any CPU.ActiveCfg = Debug|Any CPU
		{CD8C8B65-A646-4F2D-B652-C2BDC6F81EFF}.Debug|Any CPU.Build.0 = Debug|Any CPU
		{CD8C8B65-A646-4F2D-B652-C2BDC6F81EFF}.Release|Any CPU.ActiveCfg = Release|Any CPU
		{CD8C8B65-A646-4F2D-B652-C2BDC6F81EFF}.Release|Any CPU.Build.0 = Release|Any CPU
	EndGlobalSection
	GlobalSection(SolutionProperties) = preSolution
		HideSolutionNode = FALSE
	EndGlobalSection
EndGlobal
